// !$*UTF8*$!
{
	archiveVersion = 1;
	classes = {
	};
	objectVersion = 52;
	objects = {

/* Begin PBXBuildFile section */
		D936405B244A265400A369C0 /* NimbleBug.framework in Frameworks */ = {isa = PBXBuildFile; fileRef = D9364051244A265400A369C0 /* NimbleBug.framework */; };
		D9364060244A265400A369C0 /* NimbleBugTests.swift in Sources */ = {isa = PBXBuildFile; fileRef = D936405F244A265400A369C0 /* NimbleBugTests.swift */; };
		D9364062244A265400A369C0 /* NimbleBug.h in Headers */ = {isa = PBXBuildFile; fileRef = D9364054244A265400A369C0 /* NimbleBug.h */; settings = {ATTRIBUTES = (Public, ); }; };
		D9364073244A2AB800A369C0 /* Nimble in Frameworks */ = {isa = PBXBuildFile; productRef = D9364072244A2AB800A369C0 /* Nimble */; };
/* End PBXBuildFile section */

/* Begin PBXContainerItemProxy section */
		D936405C244A265400A369C0 /* PBXContainerItemProxy */ = {
			isa = PBXContainerItemProxy;
			containerPortal = D9364048244A265400A369C0 /* Project object */;
			proxyType = 1;
			remoteGlobalIDString = D9364050244A265400A369C0;
			remoteInfo = NimbleBug;
		};
/* End PBXContainerItemProxy section */

/* Begin PBXFileReference section */
		D9364051244A265400A369C0 /* NimbleBug.framework */ = {isa = PBXFileReference; explicitFileType = wrapper.framework; includeInIndex = 0; path = NimbleBug.framework; sourceTree = BUILT_PRODUCTS_DIR; };
		D9364054244A265400A369C0 /* NimbleBug.h */ = {isa = PBXFileReference; lastKnownFileType = sourcecode.c.h; path = NimbleBug.h; sourceTree = "<group>"; };
		D9364055244A265400A369C0 /* Info.plist */ = {isa = PBXFileReference; lastKnownFileType = text.plist.xml; path = Info.plist; sourceTree = "<group>"; };
		D936405A244A265400A369C0 /* NimbleBugTests.xctest */ = {isa = PBXFileReference; explicitFileType = wrapper.cfbundle; includeInIndex = 0; path = NimbleBugTests.xctest; sourceTree = BUILT_PRODUCTS_DIR; };
		D936405F244A265400A369C0 /* NimbleBugTests.swift */ = {isa = PBXFileReference; lastKnownFileType = sourcecode.swift; path = NimbleBugTests.swift; sourceTree = "<group>"; };
		D9364061244A265400A369C0 /* Info.plist */ = {isa = PBXFileReference; lastKnownFileType = text.plist.xml; path = Info.plist; sourceTree = "<group>"; };
/* End PBXFileReference section */

/* Begin PBXFrameworksBuildPhase section */
		D936404E244A265400A369C0 /* Frameworks */ = {
			isa = PBXFrameworksBuildPhase;
			buildActionMask = 2147483647;
			files = (
			);
			runOnlyForDeploymentPostprocessing = 0;
		};
		D9364057244A265400A369C0 /* Frameworks */ = {
			isa = PBXFrameworksBuildPhase;
			buildActionMask = 2147483647;
			files = (
				D936405B244A265400A369C0 /* NimbleBug.framework in Frameworks */,
				D9364073244A2AB800A369C0 /* Nimble in Frameworks */,
			);
			runOnlyForDeploymentPostprocessing = 0;
		};
/* End PBXFrameworksBuildPhase section */

/* Begin PBXGroup section */
		D9364047244A265400A369C0 = {
			isa = PBXGroup;
			children = (
				D9364053244A265400A369C0 /* NimbleBug */,
				D936405E244A265400A369C0 /* NimbleBugTests */,
				D9364052244A265400A369C0 /* Products */,
			);
			sourceTree = "<group>";
		};
		D9364052244A265400A369C0 /* Products */ = {
			isa = PBXGroup;
			children = (
				D9364051244A265400A369C0 /* NimbleBug.framework */,
				D936405A244A265400A369C0 /* NimbleBugTests.xctest */,
			);
			name = Products;
			sourceTree = "<group>";
		};
		D9364053244A265400A369C0 /* NimbleBug */ = {
			isa = PBXGroup;
			children = (
				D9364054244A265400A369C0 /* NimbleBug.h */,
				D9364055244A265400A369C0 /* Info.plist */,
			);
			path = NimbleBug;
			sourceTree = "<group>";
		};
		D936405E244A265400A369C0 /* NimbleBugTests */ = {
			isa = PBXGroup;
			children = (
				D936405F244A265400A369C0 /* NimbleBugTests.swift */,
				D9364061244A265400A369C0 /* Info.plist */,
			);
			path = NimbleBugTests;
			sourceTree = "<group>";
		};
/* End PBXGroup section */

/* Begin PBXHeadersBuildPhase section */
		D936404C244A265400A369C0 /* Headers */ = {
			isa = PBXHeadersBuildPhase;
			buildActionMask = 2147483647;
			files = (
				D9364062244A265400A369C0 /* NimbleBug.h in Headers */,
			);
			runOnlyForDeploymentPostprocessing = 0;
		};
/* End PBXHeadersBuildPhase section */

/* Begin PBXNativeTarget section */
		D9364050244A265400A369C0 /* NimbleBug */ = {
			isa = PBXNativeTarget;
			buildConfigurationList = D9364065244A265400A369C0 /* Build configuration list for PBXNativeTarget "NimbleBug" */;
			buildPhases = (
				D936404C244A265400A369C0 /* Headers */,
				D936404D244A265400A369C0 /* Sources */,
				D936404E244A265400A369C0 /* Frameworks */,
				D936404F244A265400A369C0 /* Resources */,
			);
			buildRules = (
			);
			dependencies = (
			);
			name = NimbleBug;
			productName = NimbleBug;
			productReference = D9364051244A265400A369C0 /* NimbleBug.framework */;
			productType = "com.apple.product-type.framework";
		};
		D9364059244A265400A369C0 /* NimbleBugTests */ = {
			isa = PBXNativeTarget;
			buildConfigurationList = D9364068244A265400A369C0 /* Build configuration list for PBXNativeTarget "NimbleBugTests" */;
			buildPhases = (
				D9364056244A265400A369C0 /* Sources */,
				D9364057244A265400A369C0 /* Frameworks */,
				D9364058244A265400A369C0 /* Resources */,
			);
			buildRules = (
			);
			dependencies = (
				D936405D244A265400A369C0 /* PBXTargetDependency */,
			);
			name = NimbleBugTests;
			packageProductDependencies = (
				D9364072244A2AB800A369C0 /* Nimble */,
			);
			productName = NimbleBugTests;
			productReference = D936405A244A265400A369C0 /* NimbleBugTests.xctest */;
			productType = "com.apple.product-type.bundle.unit-test";
		};
/* End PBXNativeTarget section */

/* Begin PBXProject section */
		D9364048244A265400A369C0 /* Project object */ = {
			isa = PBXProject;
			attributes = {
				LastSwiftUpdateCheck = 1140;
				LastUpgradeCheck = 1140;
				ORGANIZATIONNAME = "Diogo Tridapalli";
				TargetAttributes = {
					D9364050244A265400A369C0 = {
						CreatedOnToolsVersion = 11.4.1;
					};
					D9364059244A265400A369C0 = {
						CreatedOnToolsVersion = 11.4.1;
					};
				};
			};
			buildConfigurationList = D936404B244A265400A369C0 /* Build configuration list for PBXProject "NimbleBug" */;
			compatibilityVersion = "Xcode 9.3";
			developmentRegion = en;
			hasScannedForEncodings = 0;
			knownRegions = (
				en,
				Base,
			);
			mainGroup = D9364047244A265400A369C0;
			packageReferences = (
				D9364071244A2AB800A369C0 /* XCRemoteSwiftPackageReference "Nimble" */,
			);
			productRefGroup = D9364052244A265400A369C0 /* Products */;
			projectDirPath = "";
			projectRoot = "";
			targets = (
				D9364050244A265400A369C0 /* NimbleBug */,
				D9364059244A265400A369C0 /* NimbleBugTests */,
			);
		};
/* End PBXProject section */

/* Begin PBXResourcesBuildPhase section */
		D936404F244A265400A369C0 /* Resources */ = {
			isa = PBXResourcesBuildPhase;
			buildActionMask = 2147483647;
			files = (
			);
			runOnlyForDeploymentPostprocessing = 0;
		};
		D9364058244A265400A369C0 /* Resources */ = {
			isa = PBXResourcesBuildPhase;
			buildActionMask = 2147483647;
			files = (
			);
			runOnlyForDeploymentPostprocessing = 0;
		};
/* End PBXResourcesBuildPhase section */

/* Begin PBXSourcesBuildPhase section */
		D936404D244A265400A369C0 /* Sources */ = {
			isa = PBXSourcesBuildPhase;
			buildActionMask = 2147483647;
			files = (
			);
			runOnlyForDeploymentPostprocessing = 0;
		};
		D9364056244A265400A369C0 /* Sources */ = {
			isa = PBXSourcesBuildPhase;
			buildActionMask = 2147483647;
			files = (
				D9364060244A265400A369C0 /* NimbleBugTests.swift in Sources */,
			);
			runOnlyForDeploymentPostprocessing = 0;
		};
/* End PBXSourcesBuildPhase section */

/* Begin PBXTargetDependency section */
		D936405D244A265400A369C0 /* PBXTargetDependency */ = {
			isa = PBXTargetDependency;
			target = D9364050244A265400A369C0 /* NimbleBug */;
			targetProxy = D936405C244A265400A369C0 /* PBXContainerItemProxy */;
		};
/* End PBXTargetDependency section */

/* Begin XCBuildConfiguration section */
		D9364063244A265400A369C0 /* Debug */ = {
			isa = XCBuildConfiguration;
			buildSettings = {
				ALWAYS_SEARCH_USER_PATHS = NO;
				CLANG_ANALYZER_NONNULL = YES;
				CLANG_ANALYZER_NUMBER_OBJECT_CONVERSION = YES_AGGRESSIVE;
				CLANG_CXX_LANGUAGE_STANDARD = "gnu++14";
				CLANG_CXX_LIBRARY = "libc++";
				CLANG_ENABLE_MODULES = YES;
				CLANG_ENABLE_OBJC_ARC = YES;
				CLANG_ENABLE_OBJC_WEAK = YES;
				CLANG_WARN_BLOCK_CAPTURE_AUTORELEASING = YES;
				CLANG_WARN_BOOL_CONVERSION = YES;
				CLANG_WARN_COMMA = YES;
				CLANG_WARN_CONSTANT_CONVERSION = YES;
				CLANG_WARN_DEPRECATED_OBJC_IMPLEMENTATIONS = YES;
				CLANG_WARN_DIRECT_OBJC_ISA_USAGE = YES_ERROR;
				CLANG_WARN_DOCUMENTATION_COMMENTS = YES;
				CLANG_WARN_EMPTY_BODY = YES;
				CLANG_WARN_ENUM_CONVERSION = YES;
				CLANG_WARN_INFINITE_RECURSION = YES;
				CLANG_WARN_INT_CONVERSION = YES;
				CLANG_WARN_NON_LITERAL_NULL_CONVERSION = YES;
				CLANG_WARN_OBJC_IMPLICIT_RETAIN_SELF = YES;
				CLANG_WARN_OBJC_LITERAL_CONVERSION = YES;
				CLANG_WARN_OBJC_ROOT_CLASS = YES_ERROR;
				CLANG_WARN_RANGE_LOOP_ANALYSIS = YES;
				CLANG_WARN_STRICT_PROTOTYPES = YES;
				CLANG_WARN_SUSPICIOUS_MOVE = YES;
				CLANG_WARN_UNGUARDED_AVAILABILITY = YES_AGGRESSIVE;
				CLANG_WARN_UNREACHABLE_CODE = YES;
				CLANG_WARN__DUPLICATE_METHOD_MATCH = YES;
				COPY_PHASE_STRIP = NO;
				CURRENT_PROJECT_VERSION = 1;
				DEBUG_INFORMATION_FORMAT = dwarf;
				ENABLE_STRICT_OBJC_MSGSEND = YES;
				ENABLE_TESTABILITY = YES;
				GCC_C_LANGUAGE_STANDARD = gnu11;
				GCC_DYNAMIC_NO_PIC = NO;
				GCC_NO_COMMON_BLOCKS = YES;
				GCC_OPTIMIZATION_LEVEL = 0;
				GCC_PREPROCESSOR_DEFINITIONS = (
					"DEBUG=1",
					"$(inherited)",
				);
				GCC_WARN_64_TO_32_BIT_CONVERSION = YES;
				GCC_WARN_ABOUT_RETURN_TYPE = YES_ERROR;
				GCC_WARN_UNDECLARED_SELECTOR = YES;
				GCC_WARN_UNINITIALIZED_AUTOS = YES_AGGRESSIVE;
				GCC_WARN_UNUSED_FUNCTION = YES;
				GCC_WARN_UNUSED_VARIABLE = YES;
				MTL_ENABLE_DEBUG_INFO = INCLUDE_SOURCE;
				MTL_FAST_MATH = YES;
				ONLY_ACTIVE_ARCH = YES;
				SDKROOT = appletvos;
				SWIFT_ACTIVE_COMPILATION_CONDITIONS = DEBUG;
				SWIFT_OPTIMIZATION_LEVEL = "-Onone";
				TVOS_DEPLOYMENT_TARGET = 13.4;
				VERSIONING_SYSTEM = "apple-generic";
				VERSION_INFO_PREFIX = "";
			};
			name = Debug;
		};
		D9364064244A265400A369C0 /* Release */ = {
			isa = XCBuildConfiguration;
			buildSettings = {
				ALWAYS_SEARCH_USER_PATHS = NO;
				CLANG_ANALYZER_NONNULL = YES;
				CLANG_ANALYZER_NUMBER_OBJECT_CONVERSION = YES_AGGRESSIVE;
				CLANG_CXX_LANGUAGE_STANDARD = "gnu++14";
				CLANG_CXX_LIBRARY = "libc++";
				CLANG_ENABLE_MODULES = YES;
				CLANG_ENABLE_OBJC_ARC = YES;
				CLANG_ENABLE_OBJC_WEAK = YES;
				CLANG_WARN_BLOCK_CAPTURE_AUTORELEASING = YES;
				CLANG_WARN_BOOL_CONVERSION = YES;
				CLANG_WARN_COMMA = YES;
				CLANG_WARN_CONSTANT_CONVERSION = YES;
				CLANG_WARN_DEPRECATED_OBJC_IMPLEMENTATIONS = YES;
				CLANG_WARN_DIRECT_OBJC_ISA_USAGE = YES_ERROR;
				CLANG_WARN_DOCUMENTATION_COMMENTS = YES;
				CLANG_WARN_EMPTY_BODY = YES;
				CLANG_WARN_ENUM_CONVERSION = YES;
				CLANG_WARN_INFINITE_RECURSION = YES;
				CLANG_WARN_INT_CONVERSION = YES;
				CLANG_WARN_NON_LITERAL_NULL_CONVERSION = YES;
				CLANG_WARN_OBJC_IMPLICIT_RETAIN_SELF = YES;
				CLANG_WARN_OBJC_LITERAL_CONVERSION = YES;
				CLANG_WARN_OBJC_ROOT_CLASS = YES_ERROR;
				CLANG_WARN_RANGE_LOOP_ANALYSIS = YES;
				CLANG_WARN_STRICT_PROTOTYPES = YES;
				CLANG_WARN_SUSPICIOUS_MOVE = YES;
				CLANG_WARN_UNGUARDED_AVAILABILITY = YES_AGGRESSIVE;
				CLANG_WARN_UNREACHABLE_CODE = YES;
				CLANG_WARN__DUPLICATE_METHOD_MATCH = YES;
				COPY_PHASE_STRIP = NO;
				CURRENT_PROJECT_VERSION = 1;
				DEBUG_INFORMATION_FORMAT = "dwarf-with-dsym";
				ENABLE_NS_ASSERTIONS = NO;
				ENABLE_STRICT_OBJC_MSGSEND = YES;
				GCC_C_LANGUAGE_STANDARD = gnu11;
				GCC_NO_COMMON_BLOCKS = YES;
				GCC_WARN_64_TO_32_BIT_CONVERSION = YES;
				GCC_WARN_ABOUT_RETURN_TYPE = YES_ERROR;
				GCC_WARN_UNDECLARED_SELECTOR = YES;
				GCC_WARN_UNINITIALIZED_AUTOS = YES_AGGRESSIVE;
				GCC_WARN_UNUSED_FUNCTION = YES;
				GCC_WARN_UNUSED_VARIABLE = YES;
				MTL_ENABLE_DEBUG_INFO = NO;
				MTL_FAST_MATH = YES;
				SDKROOT = appletvos;
				SWIFT_COMPILATION_MODE = wholemodule;
				SWIFT_OPTIMIZATION_LEVEL = "-O";
				TVOS_DEPLOYMENT_TARGET = 13.4;
				VALIDATE_PRODUCT = YES;
				VERSIONING_SYSTEM = "apple-generic";
				VERSION_INFO_PREFIX = "";
			};
			name = Release;
		};
		D9364066244A265400A369C0 /* Debug */ = {
			isa = XCBuildConfiguration;
			buildSettings = {
				CODE_SIGN_STYLE = Automatic;
				DEFINES_MODULE = YES;
				DEVELOPMENT_TEAM = MQRRG9G4R7;
				DYLIB_COMPATIBILITY_VERSION = 1;
				DYLIB_CURRENT_VERSION = 1;
				DYLIB_INSTALL_NAME_BASE = "@rpath";
				INFOPLIST_FILE = NimbleBug/Info.plist;
				INSTALL_PATH = "$(LOCAL_LIBRARY_DIR)/Frameworks";
				LD_RUNPATH_SEARCH_PATHS = (
					"$(inherited)",
					"@executable_path/Frameworks",
					"@loader_path/Frameworks",
				);
				PRODUCT_BUNDLE_IDENTIFIER = com.diogot.NimbleBug;
				PRODUCT_NAME = "$(TARGET_NAME:c99extidentifier)";
				SKIP_INSTALL = YES;
				SWIFT_VERSION = 5.0;
				TARGETED_DEVICE_FAMILY = 3;
			};
			name = Debug;
		};
		D9364067244A265400A369C0 /* Release */ = {
			isa = XCBuildConfiguration;
			buildSettings = {
				CODE_SIGN_STYLE = Automatic;
				DEFINES_MODULE = YES;
				DEVELOPMENT_TEAM = MQRRG9G4R7;
				DYLIB_COMPATIBILITY_VERSION = 1;
				DYLIB_CURRENT_VERSION = 1;
				DYLIB_INSTALL_NAME_BASE = "@rpath";
				INFOPLIST_FILE = NimbleBug/Info.plist;
				INSTALL_PATH = "$(LOCAL_LIBRARY_DIR)/Frameworks";
				LD_RUNPATH_SEARCH_PATHS = (
					"$(inherited)",
					"@executable_path/Frameworks",
					"@loader_path/Frameworks",
				);
				PRODUCT_BUNDLE_IDENTIFIER = com.diogot.NimbleBug;
				PRODUCT_NAME = "$(TARGET_NAME:c99extidentifier)";
				SKIP_INSTALL = YES;
				SWIFT_VERSION = 5.0;
				TARGETED_DEVICE_FAMILY = 3;
			};
			name = Release;
		};
		D9364069244A265400A369C0 /* Debug */ = {
			isa = XCBuildConfiguration;
			buildSettings = {
				CODE_SIGN_STYLE = Automatic;
				DEVELOPMENT_TEAM = MQRRG9G4R7;
				INFOPLIST_FILE = NimbleBugTests/Info.plist;
				LD_RUNPATH_SEARCH_PATHS = (
					"$(inherited)",
					"@executable_path/Frameworks",
					"@loader_path/Frameworks",
				);
				PRODUCT_BUNDLE_IDENTIFIER = com.diogot.NimbleBugTests;
				PRODUCT_NAME = "$(TARGET_NAME)";
				SWIFT_VERSION = 5.0;
				TARGETED_DEVICE_FAMILY = 3;
			};
			name = Debug;
		};
		D936406A244A265400A369C0 /* Release */ = {
			isa = XCBuildConfiguration;
			buildSettings = {
				CODE_SIGN_STYLE = Automatic;
				DEVELOPMENT_TEAM = MQRRG9G4R7;
				INFOPLIST_FILE = NimbleBugTests/Info.plist;
				LD_RUNPATH_SEARCH_PATHS = (
					"$(inherited)",
					"@executable_path/Frameworks",
					"@loader_path/Frameworks",
				);
				PRODUCT_BUNDLE_IDENTIFIER = com.diogot.NimbleBugTests;
				PRODUCT_NAME = "$(TARGET_NAME)";
				SWIFT_VERSION = 5.0;
				TARGETED_DEVICE_FAMILY = 3;
			};
			name = Release;
		};
/* End XCBuildConfiguration section */

/* Begin XCConfigurationList section */
		D936404B244A265400A369C0 /* Build configuration list for PBXProject "NimbleBug" */ = {
			isa = XCConfigurationList;
			buildConfigurations = (
				D9364063244A265400A369C0 /* Debug */,
				D9364064244A265400A369C0 /* Release */,
			);
			defaultConfigurationIsVisible = 0;
			defaultConfigurationName = Release;
		};
		D9364065244A265400A369C0 /* Build configuration list for PBXNativeTarget "NimbleBug" */ = {
			isa = XCConfigurationList;
			buildConfigurations = (
				D9364066244A265400A369C0 /* Debug */,
				D9364067244A265400A369C0 /* Release */,
			);
			defaultConfigurationIsVisible = 0;
			defaultConfigurationName = Release;
		};
		D9364068244A265400A369C0 /* Build configuration list for PBXNativeTarget "NimbleBugTests" */ = {
			isa = XCConfigurationList;
			buildConfigurations = (
				D9364069244A265400A369C0 /* Debug */,
				D936406A244A265400A369C0 /* Release */,
			);
			defaultConfigurationIsVisible = 0;
			defaultConfigurationName = Release;
		};
/* End XCConfigurationList section */

/* Begin XCRemoteSwiftPackageReference section */
		D9364071244A2AB800A369C0 /* XCRemoteSwiftPackageReference "Nimble" */ = {
			isa = XCRemoteSwiftPackageReference;
			repositoryURL = "https://github.com/Quick/Nimble.git";
			requirement = {
				kind = exactVersion;
				version = 8.0.7;
			};
		};
/* End XCRemoteSwiftPackageReference section */

/* Begin XCSwiftPackageProductDependency section */
		D9364072244A2AB800A369C0 /* Nimble */ = {
			isa = XCSwiftPackageProductDependency;
			package = D9364071244A2AB800A369C0 /* XCRemoteSwiftPackageReference "Nimble" */;
			productName = Nimble;
		};
/* End XCSwiftPackageProductDependency section */
	};
	rootObject = D9364048244A265400A369C0 /* Project object */;
}
